// !$*UTF8*$!
{
	archiveVersion = 1;
	classes = {
	};
	objectVersion = 50;
	objects = {

/* Begin PBXBuildFile section */
		20802204210B997B004B8C17 /* AppDelegate.swift in Sources */ = {isa = PBXBuildFile; fileRef = 20802203210B997B004B8C17 /* AppDelegate.swift */; };
		20802206210B997C004B8C17 /* ViewController.swift in Sources */ = {isa = PBXBuildFile; fileRef = 20802205210B997C004B8C17 /* ViewController.swift */; };
		20802209210B997C004B8C17 /* Main.storyboard in Resources */ = {isa = PBXBuildFile; fileRef = 20802207210B997C004B8C17 /* Main.storyboard */; };
		2080220C210B997C004B8C17 /* ProjectPersistencia.xcdatamodeld in Sources */ = {isa = PBXBuildFile; fileRef = 2080220A210B997C004B8C17 /* ProjectPersistencia.xcdatamodeld */; };
		2080220E210B9999004B8C17 /* Assets.xcassets in Resources */ = {isa = PBXBuildFile; fileRef = 2080220D210B9999004B8C17 /* Assets.xcassets */; };
		20802211210B9999004B8C17 /* LaunchScreen.storyboard in Resources */ = {isa = PBXBuildFile; fileRef = 2080220F210B9999004B8C17 /* LaunchScreen.storyboard */; };
		2080221B210BA407004B8C17 /* NovoContato.swift in Sources */ = {isa = PBXBuildFile; fileRef = 2080221A210BA407004B8C17 /* NovoContato.swift */; };
		2080221D210BA55A004B8C17 /* CelulaContatoTableViewCell.swift in Sources */ = {isa = PBXBuildFile; fileRef = 2080221C210BA55A004B8C17 /* CelulaContatoTableViewCell.swift */; };
/* End PBXBuildFile section */

/* Begin PBXFileReference section */
		20802200210B997B004B8C17 /* ProjectPersistencia.app */ = {isa = PBXFileReference; explicitFileType = wrapper.application; includeInIndex = 0; path = ProjectPersistencia.app; sourceTree = BUILT_PRODUCTS_DIR; };
		20802203210B997B004B8C17 /* AppDelegate.swift */ = {isa = PBXFileReference; lastKnownFileType = sourcecode.swift; path = AppDelegate.swift; sourceTree = "<group>"; };
		20802205210B997C004B8C17 /* ViewController.swift */ = {isa = PBXFileReference; lastKnownFileType = sourcecode.swift; path = ViewController.swift; sourceTree = "<group>"; };
		20802208210B997C004B8C17 /* Base */ = {isa = PBXFileReference; lastKnownFileType = file.storyboard; name = Base; path = Base.lproj/Main.storyboard; sourceTree = "<group>"; };
		2080220B210B997C004B8C17 /* ProjectPersistencia.xcdatamodel */ = {isa = PBXFileReference; lastKnownFileType = wrapper.xcdatamodel; path = ProjectPersistencia.xcdatamodel; sourceTree = "<group>"; };
		2080220D210B9999004B8C17 /* Assets.xcassets */ = {isa = PBXFileReference; lastKnownFileType = folder.assetcatalog; path = Assets.xcassets; sourceTree = "<group>"; };
		20802210210B9999004B8C17 /* Base */ = {isa = PBXFileReference; lastKnownFileType = file.storyboard; name = Base; path = Base.lproj/LaunchScreen.storyboard; sourceTree = "<group>"; };
		20802212210B9999004B8C17 /* Info.plist */ = {isa = PBXFileReference; lastKnownFileType = text.plist.xml; path = Info.plist; sourceTree = "<group>"; };
		2080221A210BA407004B8C17 /* NovoContato.swift */ = {isa = PBXFileReference; lastKnownFileType = sourcecode.swift; path = NovoContato.swift; sourceTree = "<group>"; };
		2080221C210BA55A004B8C17 /* CelulaContatoTableViewCell.swift */ = {isa = PBXFileReference; lastKnownFileType = sourcecode.swift; path = CelulaContatoTableViewCell.swift; sourceTree = "<group>"; };
/* End PBXFileReference section */

/* Begin PBXFrameworksBuildPhase section */
		208021FD210B997B004B8C17 /* Frameworks */ = {
			isa = PBXFrameworksBuildPhase;
			buildActionMask = 2147483647;
			files = (
			);
			runOnlyForDeploymentPostprocessing = 0;
		};
/* End PBXFrameworksBuildPhase section */

/* Begin PBXGroup section */
		208021F7210B997A004B8C17 = {
			isa = PBXGroup;
			children = (
				20802202210B997B004B8C17 /* ProjectPersistencia */,
				20802201210B997B004B8C17 /* Products */,
			);
			sourceTree = "<group>";
		};
		20802201210B997B004B8C17 /* Products */ = {
			isa = PBXGroup;
			children = (
				20802200210B997B004B8C17 /* ProjectPersistencia.app */,
			);
			name = Products;
			sourceTree = "<group>";
		};
		20802202210B997B004B8C17 /* ProjectPersistencia */ = {
			isa = PBXGroup;
			children = (
				2080221A210BA407004B8C17 /* NovoContato.swift */,
				20802203210B997B004B8C17 /* AppDelegate.swift */,
				20802205210B997C004B8C17 /* ViewController.swift */,
				20802207210B997C004B8C17 /* Main.storyboard */,
				2080220D210B9999004B8C17 /* Assets.xcassets */,
				2080220F210B9999004B8C17 /* LaunchScreen.storyboard */,
				20802212210B9999004B8C17 /* Info.plist */,
				2080220A210B997C004B8C17 /* ProjectPersistencia.xcdatamodeld */,
				2080221C210BA55A004B8C17 /* CelulaContatoTableViewCell.swift */,
			);
			path = ProjectPersistencia;
			sourceTree = "<group>";
		};
/* End PBXGroup section */

/* Begin PBXNativeTarget section */
		208021FF210B997B004B8C17 /* ProjectPersistencia */ = {
			isa = PBXNativeTarget;
			buildConfigurationList = 20802215210B999A004B8C17 /* Build configuration list for PBXNativeTarget "ProjectPersistencia" */;
			buildPhases = (
				208021FC210B997B004B8C17 /* Sources */,
				208021FD210B997B004B8C17 /* Frameworks */,
				208021FE210B997B004B8C17 /* Resources */,
			);
			buildRules = (
			);
			dependencies = (
			);
			name = ProjectPersistencia;
			productName = ProjectPersistencia;
			productReference = 20802200210B997B004B8C17 /* ProjectPersistencia.app */;
			productType = "com.apple.product-type.application";
		};
/* End PBXNativeTarget section */

/* Begin PBXProject section */
		208021F8210B997A004B8C17 /* Project object */ = {
			isa = PBXProject;
			attributes = {
				LastSwiftUpdateCheck = 0940;
				LastUpgradeCheck = 0940;
				ORGANIZATIONNAME = cursoIOS;
				TargetAttributes = {
					208021FF210B997B004B8C17 = {
						CreatedOnToolsVersion = 9.4.1;
					};
				};
			};
			buildConfigurationList = 208021FB210B997B004B8C17 /* Build configuration list for PBXProject "ProjectPersistencia" */;
			compatibilityVersion = "Xcode 9.3";
			developmentRegion = en;
			hasScannedForEncodings = 0;
			knownRegions = (
				en,
				Base,
			);
			mainGroup = 208021F7210B997A004B8C17;
			productRefGroup = 20802201210B997B004B8C17 /* Products */;
			projectDirPath = "";
			projectRoot = "";
			targets = (
				208021FF210B997B004B8C17 /* ProjectPersistencia */,
			);
		};
/* End PBXProject section */

/* Begin PBXResourcesBuildPhase section */
		208021FE210B997B004B8C17 /* Resources */ = {
			isa = PBXResourcesBuildPhase;
			buildActionMask = 2147483647;
			files = (
				20802211210B9999004B8C17 /* LaunchScreen.storyboard in Resources */,
				2080220E210B9999004B8C17 /* Assets.xcassets in Resources */,
				20802209210B997C004B8C17 /* Main.storyboard in Resources */,
			);
			runOnlyForDeploymentPostprocessing = 0;
		};
/* End PBXResourcesBuildPhase section */

/* Begin PBXSourcesBuildPhase section */
		208021FC210B997B004B8C17 /* Sources */ = {
			isa = PBXSourcesBuildPhase;
			buildActionMask = 2147483647;
			files = (
				20802206210B997C004B8C17 /* ViewController.swift in Sources */,
				20802204210B997B004B8C17 /* AppDelegate.swift in Sources */,
				2080221B210BA407004B8C17 /* NovoContato.swift in Sources */,
				2080221D210BA55A004B8C17 /* CelulaContatoTableViewCell.swift in Sources */,
				2080220C210B997C004B8C17 /* ProjectPersistencia.xcdatamodeld in Sources */,
			);
			runOnlyForDeploymentPostprocessing = 0;
		};
/* End PBXSourcesBuildPhase section */

/* Begin PBXVariantGroup section */
		20802207210B997C004B8C17 /* Main.storyboard */ = {
			isa = PBXVariantGroup;
			children = (
				20802208210B997C004B8C17 /* Base */,
			);
			name = Main.storyboard;
			sourceTree = "<group>";
		};
		2080220F210B9999004B8C17 /* LaunchScreen.storyboard */ = {
			isa = PBXVariantGroup;
			children = (
				20802210210B9999004B8C17 /* Base */,
			);
			name = LaunchScreen.storyboard;
			sourceTree = "<group>";
		};
/* End PBXVariantGroup section */

/* Begin XCBuildConfiguration section */
		20802213210B9999004B8C17 /* Debug */ = {
			isa = XCBuildConfiguration;
			buildSettings = {
				ALWAYS_SEARCH_USER_PATHS = NO;
				CLANG_ANALYZER_NONNULL = YES;
				CLANG_ANALYZER_NUMBER_OBJECT_CONVERSION = YES_AGGRESSIVE;
				CLANG_CXX_LANGUAGE_STANDARD = "gnu++14";
				CLANG_CXX_LIBRARY = "libc++";
				CLANG_ENABLE_MODULES = YES;
				CLANG_ENABLE_OBJC_ARC = YES;
				CLANG_ENABLE_OBJC_WEAK = YES;
				CLANG_WARN_BLOCK_CAPTURE_AUTORELEASING = YES;
				CLANG_WARN_BOOL_CONVERSION = YES;
				CLANG_WARN_COMMA = YES;
				CLANG_WARN_CONSTANT_CONVERSION = YES;
				CLANG_WARN_DEPRECATED_OBJC_IMPLEMENTATIONS = YES;
				CLANG_WARN_DIRECT_OBJC_ISA_USAGE = YES_ERROR;
				CLANG_WARN_DOCUMENTATION_COMMENTS = YES;
				CLANG_WARN_EMPTY_BODY = YES;
				CLANG_WARN_ENUM_CONVERSION = YES;
				CLANG_WARN_INFINITE_RECURSION = YES;
				CLANG_WARN_INT_CONVERSION = YES;
				CLANG_WARN_NON_LITERAL_NULL_CONVERSION = YES;
				CLANG_WARN_OBJC_IMPLICIT_RETAIN_SELF = YES;
				CLANG_WARN_OBJC_LITERAL_CONVERSION = YES;
				CLANG_WARN_OBJC_ROOT_CLASS = YES_ERROR;
				CLANG_WARN_RANGE_LOOP_ANALYSIS = YES;
				CLANG_WARN_STRICT_PROTOTYPES = YES;
				CLANG_WARN_SUSPICIOUS_MOVE = YES;
				CLANG_WARN_UNGUARDED_AVAILABILITY = YES_AGGRESSIVE;
				CLANG_WARN_UNREACHABLE_CODE = YES;
				CLANG_WARN__DUPLICATE_METHOD_MATCH = YES;
				CODE_SIGN_IDENTITY = "iPhone Developer";
				COPY_PHASE_STRIP = NO;
				DEBUG_INFORMATION_FORMAT = dwarf;
				ENABLE_STRICT_OBJC_MSGSEND = YES;
				ENABLE_TESTABILITY = YES;
				GCC_C_LANGUAGE_STANDARD = gnu11;
				GCC_DYNAMIC_NO_PIC = NO;
				GCC_NO_COMMON_BLOCKS = YES;
				GCC_OPTIMIZATION_LEVEL = 0;
				GCC_PREPROCESSOR_DEFINITIONS = (
					"DEBUG=1",
					"$(inherited)",
				);
				GCC_WARN_64_TO_32_BIT_CONVERSION = YES;
				GCC_WARN_ABOUT_RETURN_TYPE = YES_ERROR;
				GCC_WARN_UNDECLARED_SELECTOR = YES;
				GCC_WARN_UNINITIALIZED_AUTOS = YES_AGGRESSIVE;
				GCC_WARN_UNUSED_FUNCTION = YES;
				GCC_WARN_UNUSED_VARIABLE = YES;
				IPHONEOS_DEPLOYMENT_TARGET = 11.4;
				MTL_ENABLE_DEBUG_INFO = YES;
				ONLY_ACTIVE_ARCH = YES;
				SDKROOT = iphoneos;
				SWIFT_ACTIVE_COMPILATION_CONDITIONS = DEBUG;
				SWIFT_OPTIMIZATION_LEVEL = "-Onone";
			};
			name = Debug;
		};
		20802214210B9999004B8C17 /* Release */ = {
			isa = XCBuildConfiguration;
			buildSettings = {
				ALWAYS_SEARCH_USER_PATHS = NO;
				CLANG_ANALYZER_NONNULL = YES;
				CLANG_ANALYZER_NUMBER_OBJECT_CONVERSION = YES_AGGRESSIVE;
				CLANG_CXX_LANGUAGE_STANDARD = "gnu++14";
				CLANG_CXX_LIBRARY = "libc++";
				CLANG_ENABLE_MODULES = YES;
				CLANG_ENABLE_OBJC_ARC = YES;
				CLANG_ENABLE_OBJC_WEAK = YES;
				CLANG_WARN_BLOCK_CAPTURE_AUTORELEASING = YES;
				CLANG_WARN_BOOL_CONVERSION = YES;
				CLANG_WARN_COMMA = YES;
				CLANG_WARN_CONSTANT_CONVERSION = YES;
				CLANG_WARN_DEPRECATED_OBJC_IMPLEMENTATIONS = YES;
				CLANG_WARN_DIRECT_OBJC_ISA_USAGE = YES_ERROR;
				CLANG_WARN_DOCUMENTATION_COMMENTS = YES;
				CLANG_WARN_EMPTY_BODY = YES;
				CLANG_WARN_ENUM_CONVERSION = YES;
				CLANG_WARN_INFINITE_RECURSION = YES;
				CLANG_WARN_INT_CONVERSION = YES;
				CLANG_WARN_NON_LITERAL_NULL_CONVERSION = YES;
				CLANG_WARN_OBJC_IMPLICIT_RETAIN_SELF = YES;
				CLANG_WARN_OBJC_LITERAL_CONVERSION = YES;
				CLANG_WARN_OBJC_ROOT_CLASS = YES_ERROR;
				CLANG_WARN_RANGE_LOOP_ANALYSIS = YES;
				CLANG_WARN_STRICT_PROTOTYPES = YES;
				CLANG_WARN_SUSPICIOUS_MOVE = YES;
				CLANG_WARN_UNGUARDED_AVAILABILITY = YES_AGGRESSIVE;
				CLANG_WARN_UNREACHABLE_CODE = YES;
				CLANG_WARN__DUPLICATE_METHOD_MATCH = YES;
				CODE_SIGN_IDENTITY = "iPhone Developer";
				COPY_PHASE_STRIP = NO;
				DEBUG_INFORMATION_FORMAT = "dwarf-with-dsym";
				ENABLE_NS_ASSERTIONS = NO;
				ENABLE_STRICT_OBJC_MSGSEND = YES;
				GCC_C_LANGUAGE_STANDARD = gnu11;
				GCC_NO_COMMON_BLOCKS = YES;
				GCC_WARN_64_TO_32_BIT_CONVERSION = YES;
				GCC_WARN_ABOUT_RETURN_TYPE = YES_ERROR;
				GCC_WARN_UNDECLARED_SELECTOR = YES;
				GCC_WARN_UNINITIALIZED_AUTOS = YES_AGGRESSIVE;
				GCC_WARN_UNUSED_FUNCTION = YES;
				GCC_WARN_UNUSED_VARIABLE = YES;
				IPHONEOS_DEPLOYMENT_TARGET = 11.4;
				MTL_ENABLE_DEBUG_INFO = NO;
				SDKROOT = iphoneos;
				SWIFT_COMPILATION_MODE = wholemodule;
				SWIFT_OPTIMIZATION_LEVEL = "-O";
				VALIDATE_PRODUCT = YES;
			};
			name = Release;
		};
		20802216210B999A004B8C17 /* Debug */ = {
			isa = XCBuildConfiguration;
			buildSettings = {
				ASSETCATALOG_COMPILER_APPICON_NAME = AppIcon;
				CODE_SIGN_STYLE = Automatic;
				DEVELOPMENT_TEAM = 435KK8SSN6;
				INFOPLIST_FILE = ProjectPersistencia/Info.plist;
				LD_RUNPATH_SEARCH_PATHS = (
					"$(inherited)",
					"@executable_path/Frameworks",
				);
				PRODUCT_BUNDLE_IDENTIFIER = io.github.guilhermebferreira.ProjectPersistencia;
				PRODUCT_NAME = "$(TARGET_NAME)";
				SWIFT_VERSION = 4.0;
				TARGETED_DEVICE_FAMILY = "1,2";
			};
			name = Debug;
		};
		20802217210B999A004B8C17 /* Release */ = {
			isa = XCBuildConfiguration;
			buildSettings = {
				ASSETCATALOG_COMPILER_APPICON_NAME = AppIcon;
				CODE_SIGN_STYLE = Automatic;
				DEVELOPMENT_TEAM = 435KK8SSN6;
				INFOPLIST_FILE = ProjectPersistencia/Info.plist;
				LD_RUNPATH_SEARCH_PATHS = (
					"$(inherited)",
					"@executable_path/Frameworks",
				);
				PRODUCT_BUNDLE_IDENTIFIER = io.github.guilhermebferreira.ProjectPersistencia;
				PRODUCT_NAME = "$(TARGET_NAME)";
				SWIFT_VERSION = 4.0;
				TARGETED_DEVICE_FAMILY = "1,2";
			};
			name = Release;
		};
/* End XCBuildConfiguration section */

/* Begin XCConfigurationList section */
		208021FB210B997B004B8C17 /* Build configuration list for PBXProject "ProjectPersistencia" */ = {
			isa = XCConfigurationList;
			buildConfigurations = (
				20802213210B9999004B8C17 /* Debug */,
				20802214210B9999004B8C17 /* Release */,
			);
			defaultConfigurationIsVisible = 0;
			defaultConfigurationName = Release;
		};
		20802215210B999A004B8C17 /* Build configuration list for PBXNativeTarget "ProjectPersistencia" */ = {
			isa = XCConfigurationList;
			buildConfigurations = (
				20802216210B999A004B8C17 /* Debug */,
				20802217210B999A004B8C17 /* Release */,
			);
			defaultConfigurationIsVisible = 0;
			defaultConfigurationName = Release;
		};
/* End XCConfigurationList section */

/* Begin XCVersionGroup section */
		2080220A210B997C004B8C17 /* ProjectPersistencia.xcdatamodeld */ = {
			isa = XCVersionGroup;
			children = (
				2080220B210B997C004B8C17 /* ProjectPersistencia.xcdatamodel */,
			);
			currentVersion = 2080220B210B997C004B8C17 /* ProjectPersistencia.xcdatamodel */;
			path = ProjectPersistencia.xcdatamodeld;
			sourceTree = "<group>";
			versionGroupType = wrapper.xcdatamodel;
		};
/* End XCVersionGroup section */
	};
	rootObject = 208021F8210B997A004B8C17 /* Project object */;
}
